// !$*UTF8*$!
{
	archiveVersion = 1;
	classes = {
	};
	objectVersion = 48;
	objects = {

/* Begin PBXBuildFile section */
		22F83415E48D591315367E67 /* libPods-SkyPaint.a in Frameworks */ = {isa = PBXBuildFile; fileRef = 289057F1F243958EE2E2B0B1 /* libPods-SkyPaint.a */; };
		251249D2204B367700B2FDAD /* VideoPreviewer.framework in Frameworks */ = {isa = PBXBuildFile; fileRef = 251249C9204B35ED00B2FDAD /* VideoPreviewer.framework */; };
		251249D3204B367700B2FDAD /* VideoPreviewer.framework in Embed Frameworks */ = {isa = PBXBuildFile; fileRef = 251249C9204B35ED00B2FDAD /* VideoPreviewer.framework */; settings = {ATTRIBUTES = (CodeSignOnCopy, RemoveHeadersOnCopy, ); }; };
		251249D9204B3D3D00B2FDAD /* ProductCommunicationManager.swift in Sources */ = {isa = PBXBuildFile; fileRef = 251249D8204B3D3D00B2FDAD /* ProductCommunicationManager.swift */; };
		2558452F204B74BD00B89AB2 /* MapController.swift in Sources */ = {isa = PBXBuildFile; fileRef = 2558452E204B74BD00B89AB2 /* MapController.swift */; };
		25584531204B761C00B89AB2 /* MapKit.framework in Frameworks */ = {isa = PBXBuildFile; fileRef = 25584530204B761C00B89AB2 /* MapKit.framework */; };
		25584533204B778600B89AB2 /* CoreLocation.framework in Frameworks */ = {isa = PBXBuildFile; fileRef = 25584532204B778600B89AB2 /* CoreLocation.framework */; };
		2570533A204B481400B92E65 /* MainMenuController.swift in Sources */ = {isa = PBXBuildFile; fileRef = 25705339204B481400B92E65 /* MainMenuController.swift */; };
		25ADB1A5204C2A4400D5A7F2 /* ConfirmationViewController.swift in Sources */ = {isa = PBXBuildFile; fileRef = 25ADB1A4204C2A4400D5A7F2 /* ConfirmationViewController.swift */; };
		25ED179B2048EA9700F038C5 /* AppDelegate.swift in Sources */ = {isa = PBXBuildFile; fileRef = 25ED179A2048EA9700F038C5 /* AppDelegate.swift */; };
		25ED179D2048EA9700F038C5 /* FlightController.swift in Sources */ = {isa = PBXBuildFile; fileRef = 25ED179C2048EA9700F038C5 /* FlightController.swift */; };
		25ED17A02048EA9700F038C5 /* Main.storyboard in Resources */ = {isa = PBXBuildFile; fileRef = 25ED179E2048EA9700F038C5 /* Main.storyboard */; };
		25ED17A22048EA9700F038C5 /* Assets.xcassets in Resources */ = {isa = PBXBuildFile; fileRef = 25ED17A12048EA9700F038C5 /* Assets.xcassets */; };
		31621D14204C2F94009380F8 /* pathDisplayView.swift in Sources */ = {isa = PBXBuildFile; fileRef = 31621D12204C2F93009380F8 /* pathDisplayView.swift */; };
		31621D15204C2F94009380F8 /* EditWindowViewController.swift in Sources */ = {isa = PBXBuildFile; fileRef = 31621D13204C2F93009380F8 /* EditWindowViewController.swift */; };
/* End PBXBuildFile section */

/* Begin PBXContainerItemProxy section */
		251249C8204B35ED00B2FDAD /* PBXContainerItemProxy */ = {
			isa = PBXContainerItemProxy;
			containerPortal = 251249C4204B35ED00B2FDAD /* VideoPreviewer.xcodeproj */;
			proxyType = 2;
			remoteGlobalIDString = 02A543FD1C3C51CB0083C11B;
			remoteInfo = VideoPreviewer;
		};
		251249D4204B367700B2FDAD /* PBXContainerItemProxy */ = {
			isa = PBXContainerItemProxy;
			containerPortal = 251249C4204B35ED00B2FDAD /* VideoPreviewer.xcodeproj */;
			proxyType = 1;
			remoteGlobalIDString = 02A543FC1C3C51CB0083C11B;
			remoteInfo = VideoPreviewer;
		};
/* End PBXContainerItemProxy section */

/* Begin PBXCopyFilesBuildPhase section */
		251249D6204B367700B2FDAD /* Embed Frameworks */ = {
			isa = PBXCopyFilesBuildPhase;
			buildActionMask = 2147483647;
			dstPath = "";
			dstSubfolderSpec = 10;
			files = (
				251249D3204B367700B2FDAD /* VideoPreviewer.framework in Embed Frameworks */,
			);
			name = "Embed Frameworks";
			runOnlyForDeploymentPostprocessing = 0;
		};
/* End PBXCopyFilesBuildPhase section */

/* Begin PBXFileReference section */
		251249C4204B35ED00B2FDAD /* VideoPreviewer.xcodeproj */ = {isa = PBXFileReference; lastKnownFileType = "wrapper.pb-project"; name = VideoPreviewer.xcodeproj; path = VideoPreviewer/VideoPreviewer.xcodeproj; sourceTree = "<group>"; };
		251249D8204B3D3D00B2FDAD /* ProductCommunicationManager.swift */ = {isa = PBXFileReference; lastKnownFileType = sourcecode.swift; path = ProductCommunicationManager.swift; sourceTree = "<group>"; };
		2558452E204B74BD00B89AB2 /* MapController.swift */ = {isa = PBXFileReference; lastKnownFileType = sourcecode.swift; path = MapController.swift; sourceTree = "<group>"; };
		25584530204B761C00B89AB2 /* MapKit.framework */ = {isa = PBXFileReference; lastKnownFileType = wrapper.framework; name = MapKit.framework; path = System/Library/Frameworks/MapKit.framework; sourceTree = SDKROOT; };
		25584532204B778600B89AB2 /* CoreLocation.framework */ = {isa = PBXFileReference; lastKnownFileType = wrapper.framework; name = CoreLocation.framework; path = System/Library/Frameworks/CoreLocation.framework; sourceTree = SDKROOT; };
		25705339204B481400B92E65 /* MainMenuController.swift */ = {isa = PBXFileReference; lastKnownFileType = sourcecode.swift; path = MainMenuController.swift; sourceTree = "<group>"; };
		25ADB1A4204C2A4400D5A7F2 /* ConfirmationViewController.swift */ = {isa = PBXFileReference; fileEncoding = 4; lastKnownFileType = sourcecode.swift; path = ConfirmationViewController.swift; sourceTree = "<group>"; };
		25ED17972048EA9700F038C5 /* SkyPaint.app */ = {isa = PBXFileReference; explicitFileType = wrapper.application; includeInIndex = 0; path = SkyPaint.app; sourceTree = BUILT_PRODUCTS_DIR; };
		25ED179A2048EA9700F038C5 /* AppDelegate.swift */ = {isa = PBXFileReference; lastKnownFileType = sourcecode.swift; path = AppDelegate.swift; sourceTree = "<group>"; };
		25ED179C2048EA9700F038C5 /* FlightController.swift */ = {isa = PBXFileReference; lastKnownFileType = sourcecode.swift; path = FlightController.swift; sourceTree = "<group>"; };
		25ED179F2048EA9700F038C5 /* Base */ = {isa = PBXFileReference; lastKnownFileType = file.storyboard; name = Base; path = Base.lproj/Main.storyboard; sourceTree = "<group>"; };
		25ED17A12048EA9700F038C5 /* Assets.xcassets */ = {isa = PBXFileReference; lastKnownFileType = folder.assetcatalog; path = Assets.xcassets; sourceTree = "<group>"; };
		25ED17A62048EA9700F038C5 /* Info.plist */ = {isa = PBXFileReference; lastKnownFileType = text.plist.xml; path = Info.plist; sourceTree = "<group>"; };
		289057F1F243958EE2E2B0B1 /* libPods-SkyPaint.a */ = {isa = PBXFileReference; explicitFileType = archive.ar; includeInIndex = 0; path = "libPods-SkyPaint.a"; sourceTree = BUILT_PRODUCTS_DIR; };
		31621D12204C2F93009380F8 /* pathDisplayView.swift */ = {isa = PBXFileReference; fileEncoding = 4; lastKnownFileType = sourcecode.swift; path = pathDisplayView.swift; sourceTree = "<group>"; };
		31621D13204C2F93009380F8 /* EditWindowViewController.swift */ = {isa = PBXFileReference; fileEncoding = 4; lastKnownFileType = sourcecode.swift; path = EditWindowViewController.swift; sourceTree = "<group>"; };
		386CE929806BEE70AFFD6FBE /* Pods-SkyPaint.release.xcconfig */ = {isa = PBXFileReference; includeInIndex = 1; lastKnownFileType = text.xcconfig; name = "Pods-SkyPaint.release.xcconfig"; path = "Pods/Target Support Files/Pods-SkyPaint/Pods-SkyPaint.release.xcconfig"; sourceTree = "<group>"; };
		F5A1607807DB6DA814412D6F /* Pods-SkyPaint.debug.xcconfig */ = {isa = PBXFileReference; includeInIndex = 1; lastKnownFileType = text.xcconfig; name = "Pods-SkyPaint.debug.xcconfig"; path = "Pods/Target Support Files/Pods-SkyPaint/Pods-SkyPaint.debug.xcconfig"; sourceTree = "<group>"; };
/* End PBXFileReference section */

/* Begin PBXFrameworksBuildPhase section */
		25ED17942048EA9700F038C5 /* Frameworks */ = {
			isa = PBXFrameworksBuildPhase;
			buildActionMask = 2147483647;
			files = (
				25584533204B778600B89AB2 /* CoreLocation.framework in Frameworks */,
				25584531204B761C00B89AB2 /* MapKit.framework in Frameworks */,
				251249D2204B367700B2FDAD /* VideoPreviewer.framework in Frameworks */,
				22F83415E48D591315367E67 /* libPods-SkyPaint.a in Frameworks */,
			);
			runOnlyForDeploymentPostprocessing = 0;
		};
/* End PBXFrameworksBuildPhase section */

/* Begin PBXGroup section */
		1874A478F7B68789EBE5DDCD /* Pods */ = {
			isa = PBXGroup;
			children = (
				F5A1607807DB6DA814412D6F /* Pods-SkyPaint.debug.xcconfig */,
				386CE929806BEE70AFFD6FBE /* Pods-SkyPaint.release.xcconfig */,
			);
			name = Pods;
			sourceTree = "<group>";
		};
		251249C5204B35ED00B2FDAD /* Products */ = {
			isa = PBXGroup;
			children = (
				251249C9204B35ED00B2FDAD /* VideoPreviewer.framework */,
			);
			name = Products;
			sourceTree = "<group>";
		};
		251625CA20524291002D3099 /* Edit View */ = {
			isa = PBXGroup;
			children = (
				31621D13204C2F93009380F8 /* EditWindowViewController.swift */,
				31621D12204C2F93009380F8 /* pathDisplayView.swift */,
			);
			name = "Edit View";
			path = "New Group";
			sourceTree = "<group>";
		};
		25584534204B834700B89AB2 /* Map View */ = {
			isa = PBXGroup;
			children = (
				25ADB1A4204C2A4400D5A7F2 /* ConfirmationViewController.swift */,
				2558452E204B74BD00B89AB2 /* MapController.swift */,
			);
			path = "Map View";
			sourceTree = "<group>";
		};
		25584535204B836200B89AB2 /* Main Menu */ = {
			isa = PBXGroup;
			children = (
				25705339204B481400B92E65 /* MainMenuController.swift */,
				251249D8204B3D3D00B2FDAD /* ProductCommunicationManager.swift */,
			);
			path = "Main Menu";
			sourceTree = "<group>";
		};
		25584538204B863E00B89AB2 /* Flight View */ = {
			isa = PBXGroup;
			children = (
				25ED179C2048EA9700F038C5 /* FlightController.swift */,
			);
			path = "Flight View";
			sourceTree = "<group>";
		};
		25ED178E2048EA9700F038C5 = {
			isa = PBXGroup;
			children = (
				25ED17992048EA9700F038C5 /* SkyPaint */,
				25ED17982048EA9700F038C5 /* Products */,
				1874A478F7B68789EBE5DDCD /* Pods */,
				F7C33DE3E7F8D7E9AF06F451 /* Frameworks */,
			);
			sourceTree = "<group>";
		};
		25ED17982048EA9700F038C5 /* Products */ = {
			isa = PBXGroup;
			children = (
				25ED17972048EA9700F038C5 /* SkyPaint.app */,
			);
			name = Products;
			sourceTree = "<group>";
		};
		25ED17992048EA9700F038C5 /* SkyPaint */ = {
			isa = PBXGroup;
			children = (
				251625CA20524291002D3099 /* Edit View */,
				25ED179A2048EA9700F038C5 /* AppDelegate.swift */,
				25ED179E2048EA9700F038C5 /* Main.storyboard */,
				25ED17A12048EA9700F038C5 /* Assets.xcassets */,
				25ED17A62048EA9700F038C5 /* Info.plist */,
				25584535204B836200B89AB2 /* Main Menu */,
				25584534204B834700B89AB2 /* Map View */,
				25584538204B863E00B89AB2 /* Flight View */,
			);
			path = SkyPaint;
			sourceTree = "<group>";
		};
		F7C33DE3E7F8D7E9AF06F451 /* Frameworks */ = {
			isa = PBXGroup;
			children = (
				25584532204B778600B89AB2 /* CoreLocation.framework */,
				25584530204B761C00B89AB2 /* MapKit.framework */,
				251249C4204B35ED00B2FDAD /* VideoPreviewer.xcodeproj */,
				289057F1F243958EE2E2B0B1 /* libPods-SkyPaint.a */,
			);
			name = Frameworks;
			sourceTree = "<group>";
		};
/* End PBXGroup section */

/* Begin PBXNativeTarget section */
		25ED17962048EA9700F038C5 /* SkyPaint */ = {
			isa = PBXNativeTarget;
			buildConfigurationList = 25ED17A92048EA9700F038C5 /* Build configuration list for PBXNativeTarget "SkyPaint" */;
			buildPhases = (
				B1EB868414426D9E021C1321 /* [CP] Check Pods Manifest.lock */,
				25ED17932048EA9700F038C5 /* Sources */,
				25ED17942048EA9700F038C5 /* Frameworks */,
				25ED17952048EA9700F038C5 /* Resources */,
				65D1DF85832F0DA11C23CD00 /* [CP] Embed Pods Frameworks */,
				B31932B43D55CC598CBE0BCC /* [CP] Copy Pods Resources */,
				251249D6204B367700B2FDAD /* Embed Frameworks */,
			);
			buildRules = (
			);
			dependencies = (
				251249D5204B367700B2FDAD /* PBXTargetDependency */,
			);
			name = SkyPaint;
			productName = SkyPaint;
			productReference = 25ED17972048EA9700F038C5 /* SkyPaint.app */;
			productType = "com.apple.product-type.application";
		};
/* End PBXNativeTarget section */

/* Begin PBXProject section */
		25ED178F2048EA9700F038C5 /* Project object */ = {
			isa = PBXProject;
			attributes = {
				LastSwiftUpdateCheck = 0920;
				LastUpgradeCheck = 0920;
				ORGANIZATIONNAME = SkyPaint;
				TargetAttributes = {
					25ED17962048EA9700F038C5 = {
						CreatedOnToolsVersion = 9.2;
						ProvisioningStyle = Automatic;
					};
				};
			};
			buildConfigurationList = 25ED17922048EA9700F038C5 /* Build configuration list for PBXProject "SkyPaint" */;
			compatibilityVersion = "Xcode 8.0";
			developmentRegion = en;
			hasScannedForEncodings = 0;
			knownRegions = (
				en,
				Base,
			);
			mainGroup = 25ED178E2048EA9700F038C5;
			productRefGroup = 25ED17982048EA9700F038C5 /* Products */;
			projectDirPath = "";
			projectReferences = (
				{
					ProductGroup = 251249C5204B35ED00B2FDAD /* Products */;
					ProjectRef = 251249C4204B35ED00B2FDAD /* VideoPreviewer.xcodeproj */;
				},
			);
			projectRoot = "";
			targets = (
				25ED17962048EA9700F038C5 /* SkyPaint */,
			);
		};
/* End PBXProject section */

/* Begin PBXReferenceProxy section */
		251249C9204B35ED00B2FDAD /* VideoPreviewer.framework */ = {
			isa = PBXReferenceProxy;
			fileType = wrapper.framework;
			path = VideoPreviewer.framework;
			remoteRef = 251249C8204B35ED00B2FDAD /* PBXContainerItemProxy */;
			sourceTree = BUILT_PRODUCTS_DIR;
		};
/* End PBXReferenceProxy section */

/* Begin PBXResourcesBuildPhase section */
		25ED17952048EA9700F038C5 /* Resources */ = {
			isa = PBXResourcesBuildPhase;
			buildActionMask = 2147483647;
			files = (
				25ED17A22048EA9700F038C5 /* Assets.xcassets in Resources */,
				25ED17A02048EA9700F038C5 /* Main.storyboard in Resources */,
			);
			runOnlyForDeploymentPostprocessing = 0;
		};
/* End PBXResourcesBuildPhase section */

/* Begin PBXShellScriptBuildPhase section */
		65D1DF85832F0DA11C23CD00 /* [CP] Embed Pods Frameworks */ = {
			isa = PBXShellScriptBuildPhase;
			buildActionMask = 2147483647;
			files = (
			);
			inputPaths = (
				"${SRCROOT}/Pods/Target Support Files/Pods-SkyPaint/Pods-SkyPaint-frameworks.sh",
				"${PODS_ROOT}/DJI-SDK-iOS/iOS_Mobile_SDK/DJISDK.framework",
			);
			name = "[CP] Embed Pods Frameworks";
			outputPaths = (
				"${TARGET_BUILD_DIR}/${FRAMEWORKS_FOLDER_PATH}/DJISDK.framework",
			);
			runOnlyForDeploymentPostprocessing = 0;
			shellPath = /bin/sh;
			shellScript = "\"${SRCROOT}/Pods/Target Support Files/Pods-SkyPaint/Pods-SkyPaint-frameworks.sh\"\n";
			showEnvVarsInLog = 0;
		};
		B1EB868414426D9E021C1321 /* [CP] Check Pods Manifest.lock */ = {
			isa = PBXShellScriptBuildPhase;
			buildActionMask = 2147483647;
			files = (
			);
			inputPaths = (
				"${PODS_PODFILE_DIR_PATH}/Podfile.lock",
				"${PODS_ROOT}/Manifest.lock",
			);
			name = "[CP] Check Pods Manifest.lock";
			outputPaths = (
				"$(DERIVED_FILE_DIR)/Pods-SkyPaint-checkManifestLockResult.txt",
			);
			runOnlyForDeploymentPostprocessing = 0;
			shellPath = /bin/sh;
			shellScript = "diff \"${PODS_PODFILE_DIR_PATH}/Podfile.lock\" \"${PODS_ROOT}/Manifest.lock\" > /dev/null\nif [ $? != 0 ] ; then\n    # print error to STDERR\n    echo \"error: The sandbox is not in sync with the Podfile.lock. Run 'pod install' or update your CocoaPods installation.\" >&2\n    exit 1\nfi\n# This output is used by Xcode 'outputs' to avoid re-running this script phase.\necho \"SUCCESS\" > \"${SCRIPT_OUTPUT_FILE_0}\"\n";
			showEnvVarsInLog = 0;
		};
		B31932B43D55CC598CBE0BCC /* [CP] Copy Pods Resources */ = {
			isa = PBXShellScriptBuildPhase;
			buildActionMask = 2147483647;
			files = (
			);
			inputPaths = (
			);
			name = "[CP] Copy Pods Resources";
			outputPaths = (
			);
			runOnlyForDeploymentPostprocessing = 0;
			shellPath = /bin/sh;
			shellScript = "\"${SRCROOT}/Pods/Target Support Files/Pods-SkyPaint/Pods-SkyPaint-resources.sh\"\n";
			showEnvVarsInLog = 0;
		};
/* End PBXShellScriptBuildPhase section */

/* Begin PBXSourcesBuildPhase section */
		25ED17932048EA9700F038C5 /* Sources */ = {
			isa = PBXSourcesBuildPhase;
			buildActionMask = 2147483647;
			files = (
				251249D9204B3D3D00B2FDAD /* ProductCommunicationManager.swift in Sources */,
				2570533A204B481400B92E65 /* MainMenuController.swift in Sources */,
				25ED179D2048EA9700F038C5 /* FlightController.swift in Sources */,
				2558452F204B74BD00B89AB2 /* MapController.swift in Sources */,
				31621D14204C2F94009380F8 /* pathDisplayView.swift in Sources */,
				25ADB1A5204C2A4400D5A7F2 /* ConfirmationViewController.swift in Sources */,
				31621D15204C2F94009380F8 /* EditWindowViewController.swift in Sources */,
				25ED179B2048EA9700F038C5 /* AppDelegate.swift in Sources */,
			);
			runOnlyForDeploymentPostprocessing = 0;
		};
/* End PBXSourcesBuildPhase section */

/* Begin PBXTargetDependency section */
		251249D5204B367700B2FDAD /* PBXTargetDependency */ = {
			isa = PBXTargetDependency;
			name = VideoPreviewer;
			targetProxy = 251249D4204B367700B2FDAD /* PBXContainerItemProxy */;
		};
/* End PBXTargetDependency section */

/* Begin PBXVariantGroup section */
		25ED179E2048EA9700F038C5 /* Main.storyboard */ = {
			isa = PBXVariantGroup;
			children = (
				25ED179F2048EA9700F038C5 /* Base */,
			);
			name = Main.storyboard;
			sourceTree = "<group>";
		};
/* End PBXVariantGroup section */

/* Begin XCBuildConfiguration section */
		25ED17A72048EA9700F038C5 /* Debug */ = {
			isa = XCBuildConfiguration;
			buildSettings = {
				ALWAYS_SEARCH_USER_PATHS = NO;
				CLANG_ANALYZER_NONNULL = YES;
				CLANG_ANALYZER_NUMBER_OBJECT_CONVERSION = YES_AGGRESSIVE;
				CLANG_CXX_LANGUAGE_STANDARD = "gnu++14";
				CLANG_CXX_LIBRARY = "libc++";
				CLANG_ENABLE_MODULES = YES;
				CLANG_ENABLE_OBJC_ARC = YES;
				CLANG_WARN_BLOCK_CAPTURE_AUTORELEASING = YES;
				CLANG_WARN_BOOL_CONVERSION = YES;
				CLANG_WARN_COMMA = YES;
				CLANG_WARN_CONSTANT_CONVERSION = YES;
				CLANG_WARN_DIRECT_OBJC_ISA_USAGE = YES_ERROR;
				CLANG_WARN_DOCUMENTATION_COMMENTS = YES;
				CLANG_WARN_EMPTY_BODY = YES;
				CLANG_WARN_ENUM_CONVERSION = YES;
				CLANG_WARN_INFINITE_RECURSION = YES;
				CLANG_WARN_INT_CONVERSION = YES;
				CLANG_WARN_NON_LITERAL_NULL_CONVERSION = YES;
				CLANG_WARN_OBJC_LITERAL_CONVERSION = YES;
				CLANG_WARN_OBJC_ROOT_CLASS = YES_ERROR;
				CLANG_WARN_RANGE_LOOP_ANALYSIS = YES;
				CLANG_WARN_STRICT_PROTOTYPES = YES;
				CLANG_WARN_SUSPICIOUS_MOVE = YES;
				CLANG_WARN_UNGUARDED_AVAILABILITY = YES_AGGRESSIVE;
				CLANG_WARN_UNREACHABLE_CODE = YES;
				CLANG_WARN__DUPLICATE_METHOD_MATCH = YES;
				CODE_SIGN_IDENTITY = "iPhone Developer";
				COPY_PHASE_STRIP = NO;
				DEBUG_INFORMATION_FORMAT = dwarf;
				ENABLE_STRICT_OBJC_MSGSEND = YES;
				ENABLE_TESTABILITY = YES;
				GCC_C_LANGUAGE_STANDARD = gnu11;
				GCC_DYNAMIC_NO_PIC = NO;
				GCC_NO_COMMON_BLOCKS = YES;
				GCC_OPTIMIZATION_LEVEL = 0;
				GCC_PREPROCESSOR_DEFINITIONS = (
					"DEBUG=1",
					"$(inherited)",
				);
				GCC_WARN_64_TO_32_BIT_CONVERSION = YES;
				GCC_WARN_ABOUT_RETURN_TYPE = YES_ERROR;
				GCC_WARN_UNDECLARED_SELECTOR = YES;
				GCC_WARN_UNINITIALIZED_AUTOS = YES_AGGRESSIVE;
				GCC_WARN_UNUSED_FUNCTION = YES;
				GCC_WARN_UNUSED_VARIABLE = YES;
				IPHONEOS_DEPLOYMENT_TARGET = 11.3;
				MTL_ENABLE_DEBUG_INFO = YES;
				ONLY_ACTIVE_ARCH = YES;
				SDKROOT = iphoneos;
				SWIFT_ACTIVE_COMPILATION_CONDITIONS = DEBUG;
				SWIFT_OPTIMIZATION_LEVEL = "-Onone";
			};
			name = Debug;
		};
		25ED17A82048EA9700F038C5 /* Release */ = {
			isa = XCBuildConfiguration;
			buildSettings = {
				ALWAYS_SEARCH_USER_PATHS = NO;
				CLANG_ANALYZER_NONNULL = YES;
				CLANG_ANALYZER_NUMBER_OBJECT_CONVERSION = YES_AGGRESSIVE;
				CLANG_CXX_LANGUAGE_STANDARD = "gnu++14";
				CLANG_CXX_LIBRARY = "libc++";
				CLANG_ENABLE_MODULES = YES;
				CLANG_ENABLE_OBJC_ARC = YES;
				CLANG_WARN_BLOCK_CAPTURE_AUTORELEASING = YES;
				CLANG_WARN_BOOL_CONVERSION = YES;
				CLANG_WARN_COMMA = YES;
				CLANG_WARN_CONSTANT_CONVERSION = YES;
				CLANG_WARN_DIRECT_OBJC_ISA_USAGE = YES_ERROR;
				CLANG_WARN_DOCUMENTATION_COMMENTS = YES;
				CLANG_WARN_EMPTY_BODY = YES;
				CLANG_WARN_ENUM_CONVERSION = YES;
				CLANG_WARN_INFINITE_RECURSION = YES;
				CLANG_WARN_INT_CONVERSION = YES;
				CLANG_WARN_NON_LITERAL_NULL_CONVERSION = YES;
				CLANG_WARN_OBJC_LITERAL_CONVERSION = YES;
				CLANG_WARN_OBJC_ROOT_CLASS = YES_ERROR;
				CLANG_WARN_RANGE_LOOP_ANALYSIS = YES;
				CLANG_WARN_STRICT_PROTOTYPES = YES;
				CLANG_WARN_SUSPICIOUS_MOVE = YES;
				CLANG_WARN_UNGUARDED_AVAILABILITY = YES_AGGRESSIVE;
				CLANG_WARN_UNREACHABLE_CODE = YES;
				CLANG_WARN__DUPLICATE_METHOD_MATCH = YES;
				CODE_SIGN_IDENTITY = "iPhone Developer";
				COPY_PHASE_STRIP = NO;
				DEBUG_INFORMATION_FORMAT = "dwarf-with-dsym";
				ENABLE_NS_ASSERTIONS = NO;
				ENABLE_STRICT_OBJC_MSGSEND = YES;
				GCC_C_LANGUAGE_STANDARD = gnu11;
				GCC_NO_COMMON_BLOCKS = YES;
				GCC_WARN_64_TO_32_BIT_CONVERSION = YES;
				GCC_WARN_ABOUT_RETURN_TYPE = YES_ERROR;
				GCC_WARN_UNDECLARED_SELECTOR = YES;
				GCC_WARN_UNINITIALIZED_AUTOS = YES_AGGRESSIVE;
				GCC_WARN_UNUSED_FUNCTION = YES;
				GCC_WARN_UNUSED_VARIABLE = YES;
				IPHONEOS_DEPLOYMENT_TARGET = 11.3;
				MTL_ENABLE_DEBUG_INFO = NO;
				SDKROOT = iphoneos;
				SWIFT_OPTIMIZATION_LEVEL = "-Owholemodule";
				VALIDATE_PRODUCT = YES;
			};
			name = Release;
		};
		25ED17AA2048EA9700F038C5 /* Debug */ = {
			isa = XCBuildConfiguration;
			baseConfigurationReference = F5A1607807DB6DA814412D6F /* Pods-SkyPaint.debug.xcconfig */;
			buildSettings = {
				ASSETCATALOG_COMPILER_APPICON_NAME = AppIcon;
				CODE_SIGN_STYLE = Automatic;
				DEVELOPMENT_TEAM = V3KUY8J833;
				ENABLE_BITCODE = NO;
				HEADER_SEARCH_PATHS = "\"${PODS_ROOT}/Headers/Public\"";
				INFOPLIST_FILE = SkyPaint/Info.plist;
				IPHONEOS_DEPLOYMENT_TARGET = 11.4;
				LD_RUNPATH_SEARCH_PATHS = "$(inherited) @executable_path/Frameworks";
				PRODUCT_BUNDLE_IDENTIFIER = SkyPaint.SkyPaint;
				PRODUCT_NAME = "$(TARGET_NAME)";
				SWIFT_VERSION = 4.0;
				TARGETED_DEVICE_FAMILY = "1,2";
			};
			name = Debug;
		};
		25ED17AB2048EA9700F038C5 /* Release */ = {
			isa = XCBuildConfiguration;
			baseConfigurationReference = 386CE929806BEE70AFFD6FBE /* Pods-SkyPaint.release.xcconfig */;
			buildSettings = {
				ASSETCATALOG_COMPILER_APPICON_NAME = AppIcon;
				CODE_SIGN_STYLE = Automatic;
				DEVELOPMENT_TEAM = V3KUY8J833;
				ENABLE_BITCODE = NO;
				HEADER_SEARCH_PATHS = "\"${PODS_ROOT}/Headers/Public\"";
				INFOPLIST_FILE = SkyPaint/Info.plist;
				IPHONEOS_DEPLOYMENT_TARGET = 11.4;
				LD_RUNPATH_SEARCH_PATHS = "$(inherited) @executable_path/Frameworks";
				PRODUCT_BUNDLE_IDENTIFIER = SkyPaint.SkyPaint;
				PRODUCT_NAME = "$(TARGET_NAME)";
				SWIFT_VERSION = 4.0;
				TARGETED_DEVICE_FAMILY = "1,2";
			};
			name = Release;
		};
/* End XCBuildConfiguration section */

/* Begin XCConfigurationList section */
		25ED17922048EA9700F038C5 /* Build configuration list for PBXProject "SkyPaint" */ = {
			isa = XCConfigurationList;
			buildConfigurations = (
				25ED17A72048EA9700F038C5 /* Debug */,
				25ED17A82048EA9700F038C5 /* Release */,
			);
			defaultConfigurationIsVisible = 0;
			defaultConfigurationName = Release;
		};
		25ED17A92048EA9700F038C5 /* Build configuration list for PBXNativeTarget "SkyPaint" */ = {
			isa = XCConfigurationList;
			buildConfigurations = (
				25ED17AA2048EA9700F038C5 /* Debug */,
				25ED17AB2048EA9700F038C5 /* Release */,
			);
			defaultConfigurationIsVisible = 0;
			defaultConfigurationName = Release;
		};
/* End XCConfigurationList section */
	};
	rootObject = 25ED178F2048EA9700F038C5 /* Project object */;
}
